
Microsoft Visual Studio Solution File, Format Version 12.00
# Visual Studio 15
VisualStudioVersion = 15.0.28307.421
MinimumVisualStudioVersion = 10.0.40219.1
Project("{8BC9CEB8-8B4A-11D0-8D11-00A0C91BC942}") = "LAB.6.5", "LAB.6.5\LAB.6.5.vcxproj", "{9EF27416-DC7D-4FC2-AA60-EFB71F1AFCEE}"
EndProject
Global
	GlobalSection(SolutionConfigurationPlatforms) = preSolution
		Debug|x64 = Debug|x64
		Debug|x86 = Debug|x86
		Release|x64 = Release|x64
		Release|x86 = Release|x86
	EndGlobalSection
	GlobalSection(ProjectConfigurationPlatforms) = postSolution
		{9EF27416-DC7D-4FC2-AA60-EFB71F1AFCEE}.Debug|x64.ActiveCfg = Debug|x64
		{9EF27416-DC7D-4FC2-AA60-EFB71F1AFCEE}.Debug|x64.Build.0 = Debug|x64
		{9EF27416-DC7D-4FC2-AA60-EFB71F1AFCEE}.Debug|x86.ActiveCfg = Debug|Win32
		{9EF27416-DC7D-4FC2-AA60-EFB71F1AFCEE}.Debug|x86.Build.0 = Debug|Win32
		{9EF27416-DC7D-4FC2-AA60-EFB71F1AFCEE}.Release|x64.ActiveCfg = Release|x64
		{9EF27416-DC7D-4FC2-AA60-EFB71F1AFCEE}.Release|x64.Build.0 = Release|x64
		{9EF27416-DC7D-4FC2-AA60-EFB71F1AFCEE}.Release|x86.ActiveCfg = Release|Win32
		{9EF27416-DC7D-4FC2-AA60-EFB71F1AFCEE}.Release|x86.Build.0 = Release|Win32
	EndGlobalSection
	GlobalSection(SolutionProperties) = preSolution
		HideSolutionNode = FALSE
	EndGlobalSection
	GlobalSection(ExtensibilityGlobals) = postSolution
		SolutionGuid = {14935EB3-AFB7-4A70-A8EF-61562BE2BFAD}
	EndGlobalSection
EndGlobal
