<?xml version="1.0" encoding="utf-8"?>
<Project ToolsVersion="4.0" xmlns="http://schemas.microsoft.com/developer/msbuild/2003">
  <ItemGroup>
    <Filter Include="Исходные файлы">
      <UniqueIdentifier>{4FC737F1-C7A5-4376-A066-2A32D752A2FF}</UniqueIdentifier>
      <Extensions>cpp;c;cc;cxx;def;odl;idl;hpj;bat;asm;asmx</Extensions>
    </Filter>
    <Filter Include="Файлы заголовков">
      <UniqueIdentifier>{93995380-89BD-4b04-88EB-625FBE52EBFB}</UniqueIdentifier>
      <Extensions>h;hh;hpp;hxx;hm;inl;inc;ipp;xsd</Extensions>
    </Filter>
    <Filter Include="Файлы ресурсов">
      <UniqueIdentifier>{67DA6AB6-F800-4c08-8B7A-83BB121AAD01}</UniqueIdentifier>
      <Extensions>rc;ico;cur;bmp;dlg;rc2;rct;bin;rgs;gif;jpg;jpeg;jpe;resx;tiff;tif;png;wav;mfcribbon-ms</Extensions>
    </Filter>
    <Filter Include="Файлы заголовков\Transition">
      <UniqueIdentifier>{65553584-a5b4-4789-8239-db8499515811}</UniqueIdentifier>
    </Filter>
    <Filter Include="Исходные файлы\Automat">
      <UniqueIdentifier>{7004fcb2-37f5-4f47-a07b-bc5315f4aa1f}</UniqueIdentifier>
    </Filter>
    <Filter Include="Исходные файлы\State">
      <UniqueIdentifier>{29789a21-ccb3-442c-9c8e-d0c84d7e58fc}</UniqueIdentifier>
    </Filter>
    <Filter Include="Файлы заголовков\State">
      <UniqueIdentifier>{3350f3d7-7172-4b4d-835b-6bd9cbb076d2}</UniqueIdentifier>
    </Filter>
    <Filter Include="Файлы заголовков\Automat">
      <UniqueIdentifier>{87ba9a89-aaa1-4572-9683-6d3ae84e3b02}</UniqueIdentifier>
    </Filter>
    <Filter Include="Файлы заголовков\Interface">
      <UniqueIdentifier>{c5b44269-b41a-4caf-aef3-3e079cd1af08}</UniqueIdentifier>
    </Filter>
    <Filter Include="Файлы заголовков\Interface\Automat">
      <UniqueIdentifier>{4b315b2e-616b-4eea-8c9b-41a7faf69129}</UniqueIdentifier>
    </Filter>
    <Filter Include="Файлы заголовков\Interface\Transition">
      <UniqueIdentifier>{4517f1d8-524b-4654-8a58-a16650e216da}</UniqueIdentifier>
    </Filter>
    <Filter Include="Файлы заголовков\Interface\State">
      <UniqueIdentifier>{127bafea-b9a0-4692-8157-5ae2519c5dc3}</UniqueIdentifier>
    </Filter>
    <Filter Include="Исходные файлы\Transition">
      <UniqueIdentifier>{4fe2f90c-1cce-4b25-a8d7-3a4ee050fb65}</UniqueIdentifier>
    </Filter>
    <Filter Include="Файлы заголовков\Container">
      <UniqueIdentifier>{966078f1-1b3b-4e41-baf2-8a72d90aa9f0}</UniqueIdentifier>
    </Filter>
    <Filter Include="Файлы заголовков\Database">
      <UniqueIdentifier>{e299ff28-dfa3-45a0-8f27-4d6fcd5d9250}</UniqueIdentifier>
    </Filter>
    <Filter Include="Исходные файлы\Database">
      <UniqueIdentifier>{121cc29f-4252-46a3-ba4b-28447b133694}</UniqueIdentifier>
    </Filter>
  </ItemGroup>
  <ItemGroup>
    <ClCompile Include="main.cpp">
      <Filter>Исходные файлы</Filter>
    </ClCompile>
    <ClCompile Include="Automat.cpp">
      <Filter>Исходные файлы</Filter>
    </ClCompile>
    <ClCompile Include="DefState.cpp">
      <Filter>Исходные файлы\State</Filter>
    </ClCompile>
    <ClCompile Include="DefTransit.cpp">
      <Filter>Исходные файлы\Transition</Filter>
    </ClCompile>
    <ClCompile Include="DefGapTransit.cpp">
      <Filter>Исходные файлы\Transition</Filter>
    </ClCompile>
    <ClCompile Include="SubAutomat.cpp">
      <Filter>Исходные файлы\Automat</Filter>
    </ClCompile>
    <ClCompile Include="InputCopyTransit.cpp">
      <Filter>Исходные файлы\Transition</Filter>
    </ClCompile>
    <ClCompile Include="InputGapCopyTransit.cpp">
      <Filter>Исходные файлы\Transition</Filter>
    </ClCompile>
    <ClCompile Include="DefaultCaseTransit.cpp">
      <Filter>Исходные файлы\Transition</Filter>
    </ClCompile>
    <ClCompile Include="BuffState.cpp">
      <Filter>Исходные файлы\State</Filter>
    </ClCompile>
    <ClCompile Include="DataHolder.cpp">
      <Filter>Исходные файлы\Database</Filter>
    </ClCompile>
    <ClCompile Include="Data.cpp">
      <Filter>Исходные файлы\Database</Filter>
    </ClCompile>
    <ClCompile Include="HTMLParser.cpp">
      <Filter>Исходные файлы\Database</Filter>
    </ClCompile>
  </ItemGroup>
  <ItemGroup>
    <ClInclude Include="IComparable.h">
      <Filter>Файлы заголовков\Interface</Filter>
    </ClInclude>
    <ClInclude Include="IAutomat.h">
      <Filter>Файлы заголовков\Interface\Automat</Filter>
    </ClInclude>
    <ClInclude Include="IGapTransit.h">
      <Filter>Файлы заголовков\Interface\Transition</Filter>
    </ClInclude>
    <ClInclude Include="ITransit.h">
      <Filter>Файлы заголовков\Interface\Transition</Filter>
    </ClInclude>
    <ClInclude Include="IState.h">
      <Filter>Файлы заголовков\Interface\State</Filter>
    </ClInclude>
    <ClInclude Include="IStateEditable.h">
      <Filter>Файлы заголовков\Interface\State</Filter>
    </ClInclude>
    <ClInclude Include="SubAutomat.h">
      <Filter>Файлы заголовков\Automat</Filter>
    </ClInclude>
    <ClInclude Include="DefState.h">
      <Filter>Файлы заголовков\State</Filter>
    </ClInclude>
    <ClInclude Include="Automat.h">
      <Filter>Файлы заголовков</Filter>
    </ClInclude>
    <ClInclude Include="DefGapTransit.h">
      <Filter>Файлы заголовков\Transition</Filter>
    </ClInclude>
    <ClInclude Include="DefTransit.h">
      <Filter>Файлы заголовков\Transition</Filter>
    </ClInclude>
    <ClInclude Include="InputCopyTransit.h">
      <Filter>Файлы заголовков\Transition</Filter>
    </ClInclude>
    <ClInclude Include="InputGapCopyTransit.h">
      <Filter>Файлы заголовков\Transition</Filter>
    </ClInclude>
    <ClInclude Include="DefaultCaseTransit.h">
      <Filter>Файлы заголовков\Transition</Filter>
    </ClInclude>
    <ClInclude Include="BuffState.h">
      <Filter>Файлы заголовков\State</Filter>
    </ClInclude>
    <ClInclude Include="Container.h">
      <Filter>Файлы заголовков\Container</Filter>
    </ClInclude>
    <ClInclude Include="DataHolder.h">
      <Filter>Файлы заголовков\Database</Filter>
    </ClInclude>
    <ClInclude Include="Data.h">
      <Filter>Файлы заголовков\Database</Filter>
    </ClInclude>
    <ClInclude Include="HTMLParser.h">
      <Filter>Файлы заголовков\Database</Filter>
    </ClInclude>
  </ItemGroup>
  <ItemGroup>
    <None Include="input.f">
      <Filter>Файлы ресурсов</Filter>
    </None>
    <None Include="TransitsClassDiagram.cd" />
    <None Include="output.html">
      <Filter>Файлы ресурсов</Filter>
    </None>
  </ItemGroup>
</Project>